
Microsoft Visual Studio Solution File, Format Version 11.00
# Visual Studio 2010
Project("{FAE04EC0-301F-11D3-BF4B-00C04F79EFBC}") = "AS.GroupOn.Web", "AS.GroupOn.Web\AS.GroupOn.Web.csproj", "{CDECFB58-065A-4397-9E4F-4BF2C4558ED7}"
EndProject
Project("{FAE04EC0-301F-11D3-BF4B-00C04F79EFBC}") = "AS.GroupOn.Controls", "AS.GroupOn.Controls\AS.GroupOn.Controls.csproj", "{C3A8423B-B168-43C4-87FC-AC2BF2F8FBA5}"
EndProject
Project("{FAE04EC0-301F-11D3-BF4B-00C04F79EFBC}") = "AS.Common", "AS.Common\AS.Common.csproj", "{3423415B-F604-4557-BAAD-88587CAB2470}"
EndProject
Project("{FAE04EC0-301F-11D3-BF4B-00C04F79EFBC}") = "AS.GroupOn", "AS.GroupOn\AS.GroupOn.csproj", "{D9E0C513-7602-4E08-853B-16A8510E8DB3}"
EndProject
Project("{FAE04EC0-301F-11D3-BF4B-00C04F79EFBC}") = "AS.GroupOn.UrlRewrite", "AS.GroupOn.UrlRewrite\AS.GroupOn.UrlRewrite.csproj", "{8D7A98C1-1A62-4860-BF03-E3A669BB24FF}"
EndProject
Project("{FAE04EC0-301F-11D3-BF4B-00C04F79EFBC}") = "AS.UserEvent", "UserEvent\AS.UserEvent.csproj", "{CE28C0D8-7FD6-4886-977E-FAD077A93934}"
EndProject
Project("{FAE04EC0-301F-11D3-BF4B-00C04F79EFBC}") = "AS.AdminEvent", "AdminEvent\AS.AdminEvent.csproj", "{2BEA9317-5176-4A80-B42A-A73F8890C368}"
EndProject
Project("{FAE04EC0-301F-11D3-BF4B-00C04F79EFBC}") = "AlipayClass", "AlipayClass\AlipayClass.csproj", "{ECD85566-7A87-4C2A-A461-08FF17F51633}"
EndProject
Project("{FAE04EC0-301F-11D3-BF4B-00C04F79EFBC}") = "Module", "Module\Module.csproj", "{E15DF0EE-6DD9-407F-A7D8-EDA29F779A15}"
EndProject
Project("{FAE04EC0-301F-11D3-BF4B-00C04F79EFBC}") = "SMS", "SMS\SMS.csproj", "{D23526FF-0EEB-4599-9960-A1A7F2762C8B}"
EndProject
Project("{FAE04EC0-301F-11D3-BF4B-00C04F79EFBC}") = "tenpayLib", "tenpayLib\tenpayLib.csproj", "{A71CB150-C5F3-46FD-B896-2249BBCE90F2}"
EndProject
Project("{FAE04EC0-301F-11D3-BF4B-00C04F79EFBC}") = "Ucenter", "Ucenter\Ucenter.csproj", "{5459B4F6-A962-479F-BCB2-FF5A4085FB03}"
EndProject
Project("{FAE04EC0-301F-11D3-BF4B-00C04F79EFBC}") = "Yeepay", "Yeepay\Yeepay.csproj", "{B02F3429-2D4C-4AE5-9D4F-321147CCDDB0}"
EndProject
Project("{FAE04EC0-301F-11D3-BF4B-00C04F79EFBC}") = "AS.Enum", "AS.Enum\AS.Enum.csproj", "{75243106-1873-49C5-8AE4-9F131758B041}"
EndProject
Project("{FAE04EC0-301F-11D3-BF4B-00C04F79EFBC}") = "ASDHTSMS", "ASDHTSMS\ASDHTSMS.csproj", "{407A6DB0-254C-4C3C-BEF8-FAC4E3ED4F2E}"
EndProject
Global
	GlobalSection(SolutionConfigurationPlatforms) = preSolution
		Debug|Any CPU = Debug|Any CPU
		Debug|Itanium = Debug|Itanium
		Debug|Mixed Platforms = Debug|Mixed Platforms
		Debug|x86 = Debug|x86
		Release|Any CPU = Release|Any CPU
		Release|Itanium = Release|Itanium
		Release|Mixed Platforms = Release|Mixed Platforms
		Release|x86 = Release|x86
	EndGlobalSection
	GlobalSection(ProjectConfigurationPlatforms) = postSolution
		{CDECFB58-065A-4397-9E4F-4BF2C4558ED7}.Debug|Any CPU.ActiveCfg = Debug|Any CPU
		{CDECFB58-065A-4397-9E4F-4BF2C4558ED7}.Debug|Any CPU.Build.0 = Debug|Any CPU
		{CDECFB58-065A-4397-9E4F-4BF2C4558ED7}.Debug|Itanium.ActiveCfg = Debug|Any CPU
		{CDECFB58-065A-4397-9E4F-4BF2C4558ED7}.Debug|Mixed Platforms.ActiveCfg = Debug|Any CPU
		{CDECFB58-065A-4397-9E4F-4BF2C4558ED7}.Debug|Mixed Platforms.Build.0 = Debug|Any CPU
		{CDECFB58-065A-4397-9E4F-4BF2C4558ED7}.Debug|x86.ActiveCfg = Debug|Any CPU
		{CDECFB58-065A-4397-9E4F-4BF2C4558ED7}.Release|Any CPU.ActiveCfg = Release|Any CPU
		{CDECFB58-065A-4397-9E4F-4BF2C4558ED7}.Release|Any CPU.Build.0 = Release|Any CPU
		{CDECFB58-065A-4397-9E4F-4BF2C4558ED7}.Release|Itanium.ActiveCfg = Release|Any CPU
		{CDECFB58-065A-4397-9E4F-4BF2C4558ED7}.Release|Mixed Platforms.ActiveCfg = Release|Any CPU
		{CDECFB58-065A-4397-9E4F-4BF2C4558ED7}.Release|Mixed Platforms.Build.0 = Release|Any CPU
		{CDECFB58-065A-4397-9E4F-4BF2C4558ED7}.Release|x86.ActiveCfg = Release|Any CPU
		{C3A8423B-B168-43C4-87FC-AC2BF2F8FBA5}.Debug|Any CPU.ActiveCfg = Debug|Any CPU
		{C3A8423B-B168-43C4-87FC-AC2BF2F8FBA5}.Debug|Any CPU.Build.0 = Debug|Any CPU
		{C3A8423B-B168-43C4-87FC-AC2BF2F8FBA5}.Debug|Itanium.ActiveCfg = Debug|Any CPU
		{C3A8423B-B168-43C4-87FC-AC2BF2F8FBA5}.Debug|Mixed Platforms.ActiveCfg = Debug|Any CPU
		{C3A8423B-B168-43C4-87FC-AC2BF2F8FBA5}.Debug|Mixed Platforms.Build.0 = Debug|Any CPU
		{C3A8423B-B168-43C4-87FC-AC2BF2F8FBA5}.Debug|x86.ActiveCfg = Debug|Any CPU
		{C3A8423B-B168-43C4-87FC-AC2BF2F8FBA5}.Release|Any CPU.ActiveCfg = Release|Any CPU
		{C3A8423B-B168-43C4-87FC-AC2BF2F8FBA5}.Release|Any CPU.Build.0 = Release|Any CPU
		{C3A8423B-B168-43C4-87FC-AC2BF2F8FBA5}.Release|Itanium.ActiveCfg = Release|Any CPU
		{C3A8423B-B168-43C4-87FC-AC2BF2F8FBA5}.Release|Mixed Platforms.ActiveCfg = Release|Any CPU
		{C3A8423B-B168-43C4-87FC-AC2BF2F8FBA5}.Release|Mixed Platforms.Build.0 = Release|Any CPU
		{C3A8423B-B168-43C4-87FC-AC2BF2F8FBA5}.Release|x86.ActiveCfg = Release|Any CPU
		{3423415B-F604-4557-BAAD-88587CAB2470}.Debug|Any CPU.ActiveCfg = Debug|Any CPU
		{3423415B-F604-4557-BAAD-88587CAB2470}.Debug|Any CPU.Build.0 = Debug|Any CPU
		{3423415B-F604-4557-BAAD-88587CAB2470}.Debug|Itanium.ActiveCfg = Debug|Any CPU
		{3423415B-F604-4557-BAAD-88587CAB2470}.Debug|Mixed Platforms.ActiveCfg = Debug|Any CPU
		{3423415B-F604-4557-BAAD-88587CAB2470}.Debug|Mixed Platforms.Build.0 = Debug|Any CPU
		{3423415B-F604-4557-BAAD-88587CAB2470}.Debug|x86.ActiveCfg = Debug|Any CPU
		{3423415B-F604-4557-BAAD-88587CAB2470}.Release|Any CPU.ActiveCfg = Release|Any CPU
		{3423415B-F604-4557-BAAD-88587CAB2470}.Release|Any CPU.Build.0 = Release|Any CPU
		{3423415B-F604-4557-BAAD-88587CAB2470}.Release|Itanium.ActiveCfg = Release|Any CPU
		{3423415B-F604-4557-BAAD-88587CAB2470}.Release|Mixed Platforms.ActiveCfg = Release|Any CPU
		{3423415B-F604-4557-BAAD-88587CAB2470}.Release|Mixed Platforms.Build.0 = Release|Any CPU
		{3423415B-F604-4557-BAAD-88587CAB2470}.Release|x86.ActiveCfg = Release|Any CPU
		{D9E0C513-7602-4E08-853B-16A8510E8DB3}.Debug|Any CPU.ActiveCfg = Debug|Any CPU
		{D9E0C513-7602-4E08-853B-16A8510E8DB3}.Debug|Any CPU.Build.0 = Debug|Any CPU
		{D9E0C513-7602-4E08-853B-16A8510E8DB3}.Debug|Itanium.ActiveCfg = Debug|Any CPU
		{D9E0C513-7602-4E08-853B-16A8510E8DB3}.Debug|Mixed Platforms.ActiveCfg = Debug|Any CPU
		{D9E0C513-7602-4E08-853B-16A8510E8DB3}.Debug|Mixed Platforms.Build.0 = Debug|Any CPU
		{D9E0C513-7602-4E08-853B-16A8510E8DB3}.Debug|x86.ActiveCfg = Debug|Any CPU
		{D9E0C513-7602-4E08-853B-16A8510E8DB3}.Release|Any CPU.ActiveCfg = Release|Any CPU
		{D9E0C513-7602-4E08-853B-16A8510E8DB3}.Release|Any CPU.Build.0 = Release|Any CPU
		{D9E0C513-7602-4E08-853B-16A8510E8DB3}.Release|Itanium.ActiveCfg = Release|Any CPU
		{D9E0C513-7602-4E08-853B-16A8510E8DB3}.Release|Mixed Platforms.ActiveCfg = Release|Any CPU
		{D9E0C513-7602-4E08-853B-16A8510E8DB3}.Release|Mixed Platforms.Build.0 = Release|Any CPU
		{D9E0C513-7602-4E08-853B-16A8510E8DB3}.Release|x86.ActiveCfg = Release|Any CPU
		{8D7A98C1-1A62-4860-BF03-E3A669BB24FF}.Debug|Any CPU.ActiveCfg = Debug|Any CPU
		{8D7A98C1-1A62-4860-BF03-E3A669BB24FF}.Debug|Any CPU.Build.0 = Debug|Any CPU
		{8D7A98C1-1A62-4860-BF03-E3A669BB24FF}.Debug|Itanium.ActiveCfg = Debug|Any CPU
		{8D7A98C1-1A62-4860-BF03-E3A669BB24FF}.Debug|Mixed Platforms.ActiveCfg = Debug|Any CPU
		{8D7A98C1-1A62-4860-BF03-E3A669BB24FF}.Debug|Mixed Platforms.Build.0 = Debug|Any CPU
		{8D7A98C1-1A62-4860-BF03-E3A669BB24FF}.Debug|x86.ActiveCfg = Debug|Any CPU
		{8D7A98C1-1A62-4860-BF03-E3A669BB24FF}.Release|Any CPU.ActiveCfg = Release|Any CPU
		{8D7A98C1-1A62-4860-BF03-E3A669BB24FF}.Release|Any CPU.Build.0 = Release|Any CPU
		{8D7A98C1-1A62-4860-BF03-E3A669BB24FF}.Release|Itanium.ActiveCfg = Release|Any CPU
		{8D7A98C1-1A62-4860-BF03-E3A669BB24FF}.Release|Mixed Platforms.ActiveCfg = Release|Any CPU
		{8D7A98C1-1A62-4860-BF03-E3A669BB24FF}.Release|Mixed Platforms.Build.0 = Release|Any CPU
		{8D7A98C1-1A62-4860-BF03-E3A669BB24FF}.Release|x86.ActiveCfg = Release|Any CPU
		{CE28C0D8-7FD6-4886-977E-FAD077A93934}.Debug|Any CPU.ActiveCfg = Debug|Any CPU
		{CE28C0D8-7FD6-4886-977E-FAD077A93934}.Debug|Any CPU.Build.0 = Debug|Any CPU
		{CE28C0D8-7FD6-4886-977E-FAD077A93934}.Debug|Itanium.ActiveCfg = Debug|Any CPU
		{CE28C0D8-7FD6-4886-977E-FAD077A93934}.Debug|Mixed Platforms.ActiveCfg = Debug|Any CPU
		{CE28C0D8-7FD6-4886-977E-FAD077A93934}.Debug|Mixed Platforms.Build.0 = Debug|Any CPU
		{CE28C0D8-7FD6-4886-977E-FAD077A93934}.Debug|x86.ActiveCfg = Debug|Any CPU
		{CE28C0D8-7FD6-4886-977E-FAD077A93934}.Release|Any CPU.ActiveCfg = Release|Any CPU
		{CE28C0D8-7FD6-4886-977E-FAD077A93934}.Release|Any CPU.Build.0 = Release|Any CPU
		{CE28C0D8-7FD6-4886-977E-FAD077A93934}.Release|Itanium.ActiveCfg = Release|Any CPU
		{CE28C0D8-7FD6-4886-977E-FAD077A93934}.Release|Mixed Platforms.ActiveCfg = Release|Any CPU
		{CE28C0D8-7FD6-4886-977E-FAD077A93934}.Release|Mixed Platforms.Build.0 = Release|Any CPU
		{CE28C0D8-7FD6-4886-977E-FAD077A93934}.Release|x86.ActiveCfg = Release|Any CPU
		{2BEA9317-5176-4A80-B42A-A73F8890C368}.Debug|Any CPU.ActiveCfg = Debug|x86
		{2BEA9317-5176-4A80-B42A-A73F8890C368}.Debug|Itanium.ActiveCfg = Debug|x86
		{2BEA9317-5176-4A80-B42A-A73F8890C368}.Debug|Mixed Platforms.ActiveCfg = Debug|x86
		{2BEA9317-5176-4A80-B42A-A73F8890C368}.Debug|Mixed Platforms.Build.0 = Debug|x86
		{2BEA9317-5176-4A80-B42A-A73F8890C368}.Debug|x86.ActiveCfg = Debug|x86
		{2BEA9317-5176-4A80-B42A-A73F8890C368}.Debug|x86.Build.0 = Debug|x86
		{2BEA9317-5176-4A80-B42A-A73F8890C368}.Release|Any CPU.ActiveCfg = Release|x86
		{2BEA9317-5176-4A80-B42A-A73F8890C368}.Release|Itanium.ActiveCfg = Release|x86
		{2BEA9317-5176-4A80-B42A-A73F8890C368}.Release|Mixed Platforms.ActiveCfg = Release|x86
		{2BEA9317-5176-4A80-B42A-A73F8890C368}.Release|Mixed Platforms.Build.0 = Release|x86
		{2BEA9317-5176-4A80-B42A-A73F8890C368}.Release|x86.ActiveCfg = Release|x86
		{2BEA9317-5176-4A80-B42A-A73F8890C368}.Release|x86.Build.0 = Release|x86
		{ECD85566-7A87-4C2A-A461-08FF17F51633}.Debug|Any CPU.ActiveCfg = Debug|Any CPU
		{ECD85566-7A87-4C2A-A461-08FF17F51633}.Debug|Any CPU.Build.0 = Debug|Any CPU
		{ECD85566-7A87-4C2A-A461-08FF17F51633}.Debug|Itanium.ActiveCfg = Debug|Itanium
		{ECD85566-7A87-4C2A-A461-08FF17F51633}.Debug|Itanium.Build.0 = Debug|Itanium
		{ECD85566-7A87-4C2A-A461-08FF17F51633}.Debug|Mixed Platforms.ActiveCfg = Debug|Any CPU
		{ECD85566-7A87-4C2A-A461-08FF17F51633}.Debug|Mixed Platforms.Build.0 = Debug|Any CPU
		{ECD85566-7A87-4C2A-A461-08FF17F51633}.Debug|x86.ActiveCfg = Debug|x86
		{ECD85566-7A87-4C2A-A461-08FF17F51633}.Debug|x86.Build.0 = Debug|x86
		{ECD85566-7A87-4C2A-A461-08FF17F51633}.Release|Any CPU.ActiveCfg = Release|Any CPU
		{ECD85566-7A87-4C2A-A461-08FF17F51633}.Release|Any CPU.Build.0 = Release|Any CPU
		{ECD85566-7A87-4C2A-A461-08FF17F51633}.Release|Itanium.ActiveCfg = Release|Itanium
		{ECD85566-7A87-4C2A-A461-08FF17F51633}.Release|Itanium.Build.0 = Release|Itanium
		{ECD85566-7A87-4C2A-A461-08FF17F51633}.Release|Mixed Platforms.ActiveCfg = Release|x86
		{ECD85566-7A87-4C2A-A461-08FF17F51633}.Release|Mixed Platforms.Build.0 = Release|x86
		{ECD85566-7A87-4C2A-A461-08FF17F51633}.Release|x86.ActiveCfg = Release|x86
		{ECD85566-7A87-4C2A-A461-08FF17F51633}.Release|x86.Build.0 = Release|x86
		{E15DF0EE-6DD9-407F-A7D8-EDA29F779A15}.Debug|Any CPU.ActiveCfg = Debug|Any CPU
		{E15DF0EE-6DD9-407F-A7D8-EDA29F779A15}.Debug|Any CPU.Build.0 = Debug|Any CPU
		{E15DF0EE-6DD9-407F-A7D8-EDA29F779A15}.Debug|Itanium.ActiveCfg = Debug|Itanium
		{E15DF0EE-6DD9-407F-A7D8-EDA29F779A15}.Debug|Itanium.Build.0 = Debug|Itanium
		{E15DF0EE-6DD9-407F-A7D8-EDA29F779A15}.Debug|Mixed Platforms.ActiveCfg = Debug|Any CPU
		{E15DF0EE-6DD9-407F-A7D8-EDA29F779A15}.Debug|Mixed Platforms.Build.0 = Debug|Any CPU
		{E15DF0EE-6DD9-407F-A7D8-EDA29F779A15}.Debug|x86.ActiveCfg = Debug|x86
		{E15DF0EE-6DD9-407F-A7D8-EDA29F779A15}.Debug|x86.Build.0 = Debug|x86
		{E15DF0EE-6DD9-407F-A7D8-EDA29F779A15}.Release|Any CPU.ActiveCfg = Release|Any CPU
		{E15DF0EE-6DD9-407F-A7D8-EDA29F779A15}.Release|Any CPU.Build.0 = Release|Any CPU
		{E15DF0EE-6DD9-407F-A7D8-EDA29F779A15}.Release|Itanium.ActiveCfg = Release|Itanium
		{E15DF0EE-6DD9-407F-A7D8-EDA29F779A15}.Release|Itanium.Build.0 = Release|Itanium
		{E15DF0EE-6DD9-407F-A7D8-EDA29F779A15}.Release|Mixed Platforms.ActiveCfg = Release|x86
		{E15DF0EE-6DD9-407F-A7D8-EDA29F779A15}.Release|Mixed Platforms.Build.0 = Release|x86
		{E15DF0EE-6DD9-407F-A7D8-EDA29F779A15}.Release|x86.ActiveCfg = Release|x86
		{E15DF0EE-6DD9-407F-A7D8-EDA29F779A15}.Release|x86.Build.0 = Release|x86
		{D23526FF-0EEB-4599-9960-A1A7F2762C8B}.Debug|Any CPU.ActiveCfg = Debug|Any CPU
		{D23526FF-0EEB-4599-9960-A1A7F2762C8B}.Debug|Any CPU.Build.0 = Debug|Any CPU
		{D23526FF-0EEB-4599-9960-A1A7F2762C8B}.Debug|Itanium.ActiveCfg = Debug|Itanium
		{D23526FF-0EEB-4599-9960-A1A7F2762C8B}.Debug|Itanium.Build.0 = Debug|Itanium
		{D23526FF-0EEB-4599-9960-A1A7F2762C8B}.Debug|Mixed Platforms.ActiveCfg = Debug|Any CPU
		{D23526FF-0EEB-4599-9960-A1A7F2762C8B}.Debug|Mixed Platforms.Build.0 = Debug|Any CPU
		{D23526FF-0EEB-4599-9960-A1A7F2762C8B}.Debug|x86.ActiveCfg = Debug|x86
		{D23526FF-0EEB-4599-9960-A1A7F2762C8B}.Debug|x86.Build.0 = Debug|x86
		{D23526FF-0EEB-4599-9960-A1A7F2762C8B}.Release|Any CPU.ActiveCfg = Release|Any CPU
		{D23526FF-0EEB-4599-9960-A1A7F2762C8B}.Release|Any CPU.Build.0 = Release|Any CPU
		{D23526FF-0EEB-4599-9960-A1A7F2762C8B}.Release|Itanium.ActiveCfg = Release|Itanium
		{D23526FF-0EEB-4599-9960-A1A7F2762C8B}.Release|Itanium.Build.0 = Release|Itanium
		{D23526FF-0EEB-4599-9960-A1A7F2762C8B}.Release|Mixed Platforms.ActiveCfg = Release|x86
		{D23526FF-0EEB-4599-9960-A1A7F2762C8B}.Release|Mixed Platforms.Build.0 = Release|x86
		{D23526FF-0EEB-4599-9960-A1A7F2762C8B}.Release|x86.ActiveCfg = Release|x86
		{D23526FF-0EEB-4599-9960-A1A7F2762C8B}.Release|x86.Build.0 = Release|x86
		{A71CB150-C5F3-46FD-B896-2249BBCE90F2}.Debug|Any CPU.ActiveCfg = Debug|Any CPU
		{A71CB150-C5F3-46FD-B896-2249BBCE90F2}.Debug|Any CPU.Build.0 = Debug|Any CPU
		{A71CB150-C5F3-46FD-B896-2249BBCE90F2}.Debug|Itanium.ActiveCfg = Debug|Itanium
		{A71CB150-C5F3-46FD-B896-2249BBCE90F2}.Debug|Itanium.Build.0 = Debug|Itanium
		{A71CB150-C5F3-46FD-B896-2249BBCE90F2}.Debug|Mixed Platforms.ActiveCfg = Debug|Any CPU
		{A71CB150-C5F3-46FD-B896-2249BBCE90F2}.Debug|Mixed Platforms.Build.0 = Debug|Any CPU
		{A71CB150-C5F3-46FD-B896-2249BBCE90F2}.Debug|x86.ActiveCfg = Debug|x86
		{A71CB150-C5F3-46FD-B896-2249BBCE90F2}.Debug|x86.Build.0 = Debug|x86
		{A71CB150-C5F3-46FD-B896-2249BBCE90F2}.Release|Any CPU.ActiveCfg = Release|Any CPU
		{A71CB150-C5F3-46FD-B896-2249BBCE90F2}.Release|Any CPU.Build.0 = Release|Any CPU
		{A71CB150-C5F3-46FD-B896-2249BBCE90F2}.Release|Itanium.ActiveCfg = Release|Itanium
		{A71CB150-C5F3-46FD-B896-2249BBCE90F2}.Release|Itanium.Build.0 = Release|Itanium
		{A71CB150-C5F3-46FD-B896-2249BBCE90F2}.Release|Mixed Platforms.ActiveCfg = Release|x86
		{A71CB150-C5F3-46FD-B896-2249BBCE90F2}.Release|Mixed Platforms.Build.0 = Release|x86
		{A71CB150-C5F3-46FD-B896-2249BBCE90F2}.Release|x86.ActiveCfg = Release|x86
		{A71CB150-C5F3-46FD-B896-2249BBCE90F2}.Release|x86.Build.0 = Release|x86
		{5459B4F6-A962-479F-BCB2-FF5A4085FB03}.Debug|Any CPU.ActiveCfg = Debug|Any CPU
		{5459B4F6-A962-479F-BCB2-FF5A4085FB03}.Debug|Any CPU.Build.0 = Debug|Any CPU
		{5459B4F6-A962-479F-BCB2-FF5A4085FB03}.Debug|Itanium.ActiveCfg = Debug|Any CPU
		{5459B4F6-A962-479F-BCB2-FF5A4085FB03}.Debug|Mixed Platforms.ActiveCfg = Debug|Any CPU
		{5459B4F6-A962-479F-BCB2-FF5A4085FB03}.Debug|Mixed Platforms.Build.0 = Debug|Any CPU
		{5459B4F6-A962-479F-BCB2-FF5A4085FB03}.Debug|x86.ActiveCfg = Debug|Any CPU
		{5459B4F6-A962-479F-BCB2-FF5A4085FB03}.Release|Any CPU.ActiveCfg = Release|Any CPU
		{5459B4F6-A962-479F-BCB2-FF5A4085FB03}.Release|Any CPU.Build.0 = Release|Any CPU
		{5459B4F6-A962-479F-BCB2-FF5A4085FB03}.Release|Itanium.ActiveCfg = Release|Any CPU
		{5459B4F6-A962-479F-BCB2-FF5A4085FB03}.Release|Mixed Platforms.ActiveCfg = Release|Any CPU
		{5459B4F6-A962-479F-BCB2-FF5A4085FB03}.Release|Mixed Platforms.Build.0 = Release|Any CPU
		{5459B4F6-A962-479F-BCB2-FF5A4085FB03}.Release|x86.ActiveCfg = Release|Any CPU
		{B02F3429-2D4C-4AE5-9D4F-321147CCDDB0}.Debug|Any CPU.ActiveCfg = Debug|Any CPU
		{B02F3429-2D4C-4AE5-9D4F-321147CCDDB0}.Debug|Any CPU.Build.0 = Debug|Any CPU
		{B02F3429-2D4C-4AE5-9D4F-321147CCDDB0}.Debug|Itanium.ActiveCfg = Debug|Itanium
		{B02F3429-2D4C-4AE5-9D4F-321147CCDDB0}.Debug|Itanium.Build.0 = Debug|Itanium
		{B02F3429-2D4C-4AE5-9D4F-321147CCDDB0}.Debug|Mixed Platforms.ActiveCfg = Debug|Any CPU
		{B02F3429-2D4C-4AE5-9D4F-321147CCDDB0}.Debug|Mixed Platforms.Build.0 = Debug|Any CPU
		{B02F3429-2D4C-4AE5-9D4F-321147CCDDB0}.Debug|x86.ActiveCfg = Debug|x86
		{B02F3429-2D4C-4AE5-9D4F-321147CCDDB0}.Debug|x86.Build.0 = Debug|x86
		{B02F3429-2D4C-4AE5-9D4F-321147CCDDB0}.Release|Any CPU.ActiveCfg = Release|Any CPU
		{B02F3429-2D4C-4AE5-9D4F-321147CCDDB0}.Release|Any CPU.Build.0 = Release|Any CPU
		{B02F3429-2D4C-4AE5-9D4F-321147CCDDB0}.Release|Itanium.ActiveCfg = Release|Itanium
		{B02F3429-2D4C-4AE5-9D4F-321147CCDDB0}.Release|Itanium.Build.0 = Release|Itanium
		{B02F3429-2D4C-4AE5-9D4F-321147CCDDB0}.Release|Mixed Platforms.ActiveCfg = Release|x86
		{B02F3429-2D4C-4AE5-9D4F-321147CCDDB0}.Release|Mixed Platforms.Build.0 = Release|x86
		{B02F3429-2D4C-4AE5-9D4F-321147CCDDB0}.Release|x86.ActiveCfg = Release|x86
		{B02F3429-2D4C-4AE5-9D4F-321147CCDDB0}.Release|x86.Build.0 = Release|x86
		{75243106-1873-49C5-8AE4-9F131758B041}.Debug|Any CPU.ActiveCfg = Debug|Any CPU
		{75243106-1873-49C5-8AE4-9F131758B041}.Debug|Any CPU.Build.0 = Debug|Any CPU
		{75243106-1873-49C5-8AE4-9F131758B041}.Debug|Itanium.ActiveCfg = Debug|Any CPU
		{75243106-1873-49C5-8AE4-9F131758B041}.Debug|Mixed Platforms.ActiveCfg = Debug|Any CPU
		{75243106-1873-49C5-8AE4-9F131758B041}.Debug|Mixed Platforms.Build.0 = Debug|Any CPU
		{75243106-1873-49C5-8AE4-9F131758B041}.Debug|x86.ActiveCfg = Debug|Any CPU
		{75243106-1873-49C5-8AE4-9F131758B041}.Release|Any CPU.ActiveCfg = Release|Any CPU
		{75243106-1873-49C5-8AE4-9F131758B041}.Release|Any CPU.Build.0 = Release|Any CPU
		{75243106-1873-49C5-8AE4-9F131758B041}.Release|Itanium.ActiveCfg = Release|Any CPU
		{75243106-1873-49C5-8AE4-9F131758B041}.Release|Mixed Platforms.ActiveCfg = Release|Any CPU
		{75243106-1873-49C5-8AE4-9F131758B041}.Release|Mixed Platforms.Build.0 = Release|Any CPU
		{75243106-1873-49C5-8AE4-9F131758B041}.Release|x86.ActiveCfg = Release|Any CPU
		{407A6DB0-254C-4C3C-BEF8-FAC4E3ED4F2E}.Debug|Any CPU.ActiveCfg = Debug|Any CPU
		{407A6DB0-254C-4C3C-BEF8-FAC4E3ED4F2E}.Debug|Any CPU.Build.0 = Debug|Any CPU
		{407A6DB0-254C-4C3C-BEF8-FAC4E3ED4F2E}.Debug|Itanium.ActiveCfg = Debug|Any CPU
		{407A6DB0-254C-4C3C-BEF8-FAC4E3ED4F2E}.Debug|Mixed Platforms.ActiveCfg = Debug|Any CPU
		{407A6DB0-254C-4C3C-BEF8-FAC4E3ED4F2E}.Debug|Mixed Platforms.Build.0 = Debug|Any CPU
		{407A6DB0-254C-4C3C-BEF8-FAC4E3ED4F2E}.Debug|x86.ActiveCfg = Debug|Any CPU
		{407A6DB0-254C-4C3C-BEF8-FAC4E3ED4F2E}.Release|Any CPU.ActiveCfg = Release|Any CPU
		{407A6DB0-254C-4C3C-BEF8-FAC4E3ED4F2E}.Release|Any CPU.Build.0 = Release|Any CPU
		{407A6DB0-254C-4C3C-BEF8-FAC4E3ED4F2E}.Release|Itanium.ActiveCfg = Release|Any CPU
		{407A6DB0-254C-4C3C-BEF8-FAC4E3ED4F2E}.Release|Mixed Platforms.ActiveCfg = Release|Any CPU
		{407A6DB0-254C-4C3C-BEF8-FAC4E3ED4F2E}.Release|Mixed Platforms.Build.0 = Release|Any CPU
		{407A6DB0-254C-4C3C-BEF8-FAC4E3ED4F2E}.Release|x86.ActiveCfg = Release|Any CPU
	EndGlobalSection
	GlobalSection(SolutionProperties) = preSolution
		HideSolutionNode = FALSE
	EndGlobalSection
EndGlobal
